
Microsoft Visual Studio Solution File, Format Version 12.00
# Visual Studio 14
VisualStudioVersion = 14.0.24720.0
MinimumVisualStudioVersion = 10.0.40219.1
Project("{FAE04EC0-301F-11D3-BF4B-00C04F79EFBC}") = "SharpFlowDesign", "SharpFlowDesign\SharpFlowDesign.csproj", "{3AE4EC04-B126-4F59-AD4B-FDD80AC50136}"
EndProject
Project("{FAE04EC0-301F-11D3-BF4B-00C04F79EFBC}") = "SharpFlowDesignTests", "SharpFlowDesignTests\SharpFlowDesignTests.csproj", "{2C118163-5642-415D-9C41-B4F4BCE4B587}"
EndProject
Project("{FAE04EC0-301F-11D3-BF4B-00C04F79EFBC}") = "Roslyn", "Roslyn\Roslyn.csproj", "{3D0F668F-729A-4172-9E3E-0DC60503ECE8}"
EndProject
Global
	GlobalSection(SolutionConfigurationPlatforms) = preSolution
		Debug|Any CPU = Debug|Any CPU
		Debug|x64 = Debug|x64
		Release|Any CPU = Release|Any CPU
		Release|x64 = Release|x64
	EndGlobalSection
	GlobalSection(ProjectConfigurationPlatforms) = postSolution
		{3AE4EC04-B126-4F59-AD4B-FDD80AC50136}.Debug|Any CPU.ActiveCfg = Debug|Any CPU
		{3AE4EC04-B126-4F59-AD4B-FDD80AC50136}.Debug|Any CPU.Build.0 = Debug|Any CPU
		{3AE4EC04-B126-4F59-AD4B-FDD80AC50136}.Debug|x64.ActiveCfg = Debug|x64
		{3AE4EC04-B126-4F59-AD4B-FDD80AC50136}.Debug|x64.Build.0 = Debug|x64
		{3AE4EC04-B126-4F59-AD4B-FDD80AC50136}.Release|Any CPU.ActiveCfg = Release|Any CPU
		{3AE4EC04-B126-4F59-AD4B-FDD80AC50136}.Release|Any CPU.Build.0 = Release|Any CPU
		{3AE4EC04-B126-4F59-AD4B-FDD80AC50136}.Release|x64.ActiveCfg = Release|x64
		{3AE4EC04-B126-4F59-AD4B-FDD80AC50136}.Release|x64.Build.0 = Release|x64
		{2C118163-5642-415D-9C41-B4F4BCE4B587}.Debug|Any CPU.ActiveCfg = Debug|Any CPU
		{2C118163-5642-415D-9C41-B4F4BCE4B587}.Debug|Any CPU.Build.0 = Debug|Any CPU
		{2C118163-5642-415D-9C41-B4F4BCE4B587}.Debug|x64.ActiveCfg = Debug|x64
		{2C118163-5642-415D-9C41-B4F4BCE4B587}.Debug|x64.Build.0 = Debug|x64
		{2C118163-5642-415D-9C41-B4F4BCE4B587}.Release|Any CPU.ActiveCfg = Release|Any CPU
		{2C118163-5642-415D-9C41-B4F4BCE4B587}.Release|Any CPU.Build.0 = Release|Any CPU
		{2C118163-5642-415D-9C41-B4F4BCE4B587}.Release|x64.ActiveCfg = Release|Any CPU
		{3D0F668F-729A-4172-9E3E-0DC60503ECE8}.Debug|Any CPU.ActiveCfg = Debug|x86
		{3D0F668F-729A-4172-9E3E-0DC60503ECE8}.Debug|Any CPU.Build.0 = Debug|x86
		{3D0F668F-729A-4172-9E3E-0DC60503ECE8}.Debug|x64.ActiveCfg = Debug|x86
		{3D0F668F-729A-4172-9E3E-0DC60503ECE8}.Release|Any CPU.ActiveCfg = Release|x86
		{3D0F668F-729A-4172-9E3E-0DC60503ECE8}.Release|x64.ActiveCfg = Release|x86
	EndGlobalSection
	GlobalSection(SolutionProperties) = preSolution
		HideSolutionNode = FALSE
	EndGlobalSection
EndGlobal
