
Microsoft Visual Studio Solution File, Format Version 12.00
# Visual Studio 14
VisualStudioVersion = 14.0.25420.1
MinimumVisualStudioVersion = 10.0.40219.1
Project("{FAE04EC0-301F-11D3-BF4B-00C04F79EFBC}") = "Roslyn", "Roslyn\Roslyn.csproj", "{3D0F668F-729A-4172-9E3E-0DC60503ECE8}"
EndProject
Project("{FAE04EC0-301F-11D3-BF4B-00C04F79EFBC}") = "RoslynTests", "RoslynTests\RoslynTests.csproj", "{0CD23EB4-FAF4-46A6-A1CE-5ECFB3DD5FB9}"
EndProject
Project("{FAE04EC0-301F-11D3-BF4B-00C04F79EFBC}") = "Dexel.Model", "Dexel.Model\Dexel.Model.csproj", "{C8694B16-924D-492F-8400-577D0DDE19FF}"
EndProject
Project("{FAE04EC0-301F-11D3-BF4B-00C04F79EFBC}") = "Dexel.Editor.Tests", "Dexel.Tests\Dexel.Editor.Tests.csproj", "{2C118163-5642-415D-9C41-B4F4BCE4B587}"
EndProject
Project("{FAE04EC0-301F-11D3-BF4B-00C04F79EFBC}") = "Dexel.Editor", "Dexel.Editor\Dexel.Editor.csproj", "{402C4811-C057-4A79-958D-DA31EB4A78EE}"
EndProject
Project("{FAE04EC0-301F-11D3-BF4B-00C04F79EFBC}") = "Dexel.Model.Tests", "Dexel.Model.Tests\Dexel.Model.Tests.csproj", "{21922B41-E90E-4B0E-B958-7190E49A4BDA}"
EndProject
Global
	GlobalSection(SolutionConfigurationPlatforms) = preSolution
		Debug|x86 = Debug|x86
		Release|x86 = Release|x86
	EndGlobalSection
	GlobalSection(ProjectConfigurationPlatforms) = postSolution
		{3D0F668F-729A-4172-9E3E-0DC60503ECE8}.Debug|x86.ActiveCfg = Debug|x86
		{3D0F668F-729A-4172-9E3E-0DC60503ECE8}.Debug|x86.Build.0 = Debug|x86
		{3D0F668F-729A-4172-9E3E-0DC60503ECE8}.Release|x86.ActiveCfg = Release|x86
		{0CD23EB4-FAF4-46A6-A1CE-5ECFB3DD5FB9}.Debug|x86.ActiveCfg = Debug|x86
		{0CD23EB4-FAF4-46A6-A1CE-5ECFB3DD5FB9}.Debug|x86.Build.0 = Debug|x86
		{0CD23EB4-FAF4-46A6-A1CE-5ECFB3DD5FB9}.Release|x86.ActiveCfg = Release|x86
		{0CD23EB4-FAF4-46A6-A1CE-5ECFB3DD5FB9}.Release|x86.Build.0 = Release|x86
		{C8694B16-924D-492F-8400-577D0DDE19FF}.Debug|x86.ActiveCfg = Debug|x86
		{C8694B16-924D-492F-8400-577D0DDE19FF}.Debug|x86.Build.0 = Debug|x86
		{C8694B16-924D-492F-8400-577D0DDE19FF}.Release|x86.ActiveCfg = Release|x86
		{C8694B16-924D-492F-8400-577D0DDE19FF}.Release|x86.Build.0 = Release|x86
		{2C118163-5642-415D-9C41-B4F4BCE4B587}.Debug|x86.ActiveCfg = Debug|x86
		{2C118163-5642-415D-9C41-B4F4BCE4B587}.Debug|x86.Build.0 = Debug|x86
		{2C118163-5642-415D-9C41-B4F4BCE4B587}.Release|x86.ActiveCfg = Release|x86
		{2C118163-5642-415D-9C41-B4F4BCE4B587}.Release|x86.Build.0 = Release|x86
		{402C4811-C057-4A79-958D-DA31EB4A78EE}.Debug|x86.ActiveCfg = Debug|x86
		{402C4811-C057-4A79-958D-DA31EB4A78EE}.Debug|x86.Build.0 = Debug|x86
		{402C4811-C057-4A79-958D-DA31EB4A78EE}.Release|x86.ActiveCfg = Release|x86
		{402C4811-C057-4A79-958D-DA31EB4A78EE}.Release|x86.Build.0 = Release|x86
		{21922B41-E90E-4B0E-B958-7190E49A4BDA}.Debug|x86.ActiveCfg = Debug|x86
		{21922B41-E90E-4B0E-B958-7190E49A4BDA}.Debug|x86.Build.0 = Debug|x86
		{21922B41-E90E-4B0E-B958-7190E49A4BDA}.Release|x86.ActiveCfg = Release|x86
		{21922B41-E90E-4B0E-B958-7190E49A4BDA}.Release|x86.Build.0 = Release|x86
	EndGlobalSection
	GlobalSection(SolutionProperties) = preSolution
		HideSolutionNode = FALSE
	EndGlobalSection
EndGlobal
